
Microsoft Visual Studio Solution File, Format Version 10.00
# Visual C# Express 2008
Project("{FAE04EC0-301F-11D3-BF4B-00C04F79EFBC}") = "RedisSharp", "RedisSharp.csproj", "{165E0505-F29B-4ED4-A004-DD6472D4D430}"
EndProject
Project("{FAE04EC0-301F-11D3-BF4B-00C04F79EFBC}") = "RedisTest", "RedisTest\RedisTest.csproj", "{04B4656A-705E-4175-B768-FFEFDF2A075F}"
EndProject
Global
	GlobalSection(SolutionConfigurationPlatforms) = preSolution
		Debug|Any CPU = Debug|Any CPU
		Release|Any CPU = Release|Any CPU
	EndGlobalSection
	GlobalSection(ProjectConfigurationPlatforms) = postSolution
		{165E0505-F29B-4ED4-A004-DD6472D4D430}.Debug|Any CPU.ActiveCfg = Debug|Any CPU
		{165E0505-F29B-4ED4-A004-DD6472D4D430}.Debug|Any CPU.Build.0 = Debug|Any CPU
		{165E0505-F29B-4ED4-A004-DD6472D4D430}.Release|Any CPU.ActiveCfg = Release|Any CPU
		{165E0505-F29B-4ED4-A004-DD6472D4D430}.Release|Any CPU.Build.0 = Release|Any CPU
		{04B4656A-705E-4175-B768-FFEFDF2A075F}.Debug|Any CPU.ActiveCfg = Debug|Any CPU
		{04B4656A-705E-4175-B768-FFEFDF2A075F}.Debug|Any CPU.Build.0 = Debug|Any CPU
		{04B4656A-705E-4175-B768-FFEFDF2A075F}.Release|Any CPU.ActiveCfg = Release|Any CPU
		{04B4656A-705E-4175-B768-FFEFDF2A075F}.Release|Any CPU.Build.0 = Release|Any CPU
	EndGlobalSection
	GlobalSection(SolutionProperties) = preSolution
		HideSolutionNode = FALSE
	EndGlobalSection
EndGlobal
